
Microsoft Visual Studio Solution File, Format Version 11.00
# Visual Studio 2010
Project("{FAE04EC0-301F-11D3-BF4B-00C04F79EFBC}") = "Assembly-CSharp", "Assembly-CSharp.csproj", "{2be6d461-c75e-ae58-1697-48ed275d1436}"
EndProject
Project("{FAE04EC0-301F-11D3-BF4B-00C04F79EFBC}") = "Unity.XR.Management.Samples", "Unity.XR.Management.Samples.csproj", "{02443b4e-d664-656d-e8dc-f41af8295521}"
EndProject
Project("{FAE04EC0-301F-11D3-BF4B-00C04F79EFBC}") = "Unity.XR.Management.Samples.Editor", "Unity.XR.Management.Samples.Editor.csproj", "{4f4e7d3a-e72d-deed-8353-bd6b6245c26c}"
EndProject
Global
	GlobalSection(SolutionConfigurationPlatforms) = preSolution
		Debug|Any CPU = Debug|Any CPU
	EndGlobalSection
	GlobalSection(ProjectConfigurationPlatforms) = postSolution
		{2be6d461-c75e-ae58-1697-48ed275d1436}.Debug|Any CPU.ActiveCfg = Debug|Any CPU
		{2be6d461-c75e-ae58-1697-48ed275d1436}.Debug|Any CPU.Build.0 = Debug|Any CPU
		{02443b4e-d664-656d-e8dc-f41af8295521}.Debug|Any CPU.ActiveCfg = Debug|Any CPU
		{02443b4e-d664-656d-e8dc-f41af8295521}.Debug|Any CPU.Build.0 = Debug|Any CPU
		{4f4e7d3a-e72d-deed-8353-bd6b6245c26c}.Debug|Any CPU.ActiveCfg = Debug|Any CPU
		{4f4e7d3a-e72d-deed-8353-bd6b6245c26c}.Debug|Any CPU.Build.0 = Debug|Any CPU
	EndGlobalSection
	GlobalSection(SolutionProperties) = preSolution
		HideSolutionNode = FALSE
	EndGlobalSection
EndGlobal
